
Microsoft Visual Studio Solution File, Format Version 12.00
# Visual Studio 14
VisualStudioVersion = 14.0.25123.0
MinimumVisualStudioVersion = 10.0.40219.1
Project("{8BC9CEB8-8B4A-11D0-8D11-00A0C91BC942}") = "p.428 주소연산자 앤퍼샌트", "p.428 주소연산자 앤퍼샌트\p.428 주소연산자 앤퍼샌트.vcxproj", "{1622DA1B-E8FB-467A-9CBF-4EB2BC4A5AEE}"
EndProject
Global
	GlobalSection(SolutionConfigurationPlatforms) = preSolution
		Debug|x64 = Debug|x64
		Debug|x86 = Debug|x86
		Release|x64 = Release|x64
		Release|x86 = Release|x86
	EndGlobalSection
	GlobalSection(ProjectConfigurationPlatforms) = postSolution
		{1622DA1B-E8FB-467A-9CBF-4EB2BC4A5AEE}.Debug|x64.ActiveCfg = Debug|x64
		{1622DA1B-E8FB-467A-9CBF-4EB2BC4A5AEE}.Debug|x64.Build.0 = Debug|x64
		{1622DA1B-E8FB-467A-9CBF-4EB2BC4A5AEE}.Debug|x86.ActiveCfg = Debug|Win32
		{1622DA1B-E8FB-467A-9CBF-4EB2BC4A5AEE}.Debug|x86.Build.0 = Debug|Win32
		{1622DA1B-E8FB-467A-9CBF-4EB2BC4A5AEE}.Release|x64.ActiveCfg = Release|x64
		{1622DA1B-E8FB-467A-9CBF-4EB2BC4A5AEE}.Release|x64.Build.0 = Release|x64
		{1622DA1B-E8FB-467A-9CBF-4EB2BC4A5AEE}.Release|x86.ActiveCfg = Release|Win32
		{1622DA1B-E8FB-467A-9CBF-4EB2BC4A5AEE}.Release|x86.Build.0 = Release|Win32
	EndGlobalSection
	GlobalSection(SolutionProperties) = preSolution
		HideSolutionNode = FALSE
	EndGlobalSection
EndGlobal
